
Microsoft Visual Studio Solution File, Format Version 12.00
# Visual Studio Version 17
VisualStudioVersion = 17.13.35825.156 d17.13
MinimumVisualStudioVersion = 10.0.40219.1
Project("{FAE04EC0-301F-11D3-BF4B-00C04F79EFBC}") = "BizFalconApi", "BizFalconApi.csproj", "{BE2DA3CE-DFD7-1314-9C29-AA635BF7B054}"
EndProject
Global
	GlobalSection(SolutionConfigurationPlatforms) = preSolution
		Debug|Any CPU = Debug|Any CPU
		Release|Any CPU = Release|Any CPU
	EndGlobalSection
	GlobalSection(ProjectConfigurationPlatforms) = postSolution
		{BE2DA3CE-DFD7-1314-9C29-AA635BF7B054}.Debug|Any CPU.ActiveCfg = Debug|Any CPU
		{BE2DA3CE-DFD7-1314-9C29-AA635BF7B054}.Debug|Any CPU.Build.0 = Debug|Any CPU
		{BE2DA3CE-DFD7-1314-9C29-AA635BF7B054}.Release|Any CPU.ActiveCfg = Release|Any CPU
		{BE2DA3CE-DFD7-1314-9C29-AA635BF7B054}.Release|Any CPU.Build.0 = Release|Any CPU
	EndGlobalSection
	GlobalSection(SolutionProperties) = preSolution
		HideSolutionNode = FALSE
	EndGlobalSection
	GlobalSection(ExtensibilityGlobals) = postSolution
		SolutionGuid = {5CDFEF00-1376-4524-BC63-DA3B24E314EC}
	EndGlobalSection
EndGlobal
